// !$*UTF8*$!
{
	archiveVersion = 1;
	classes = {
	};
	objectVersion = 55;
	objects = {

/* Begin PBXBuildFile section */
		8BEC6B932949B339004A03CB /* AppDelegate.swift in Sources */ = {isa = PBXBuildFile; fileRef = 8BEC6B922949B339004A03CB /* AppDelegate.swift */; };
		8BEC6B9C2949B33D004A03CB /* Assets.xcassets in Resources */ = {isa = PBXBuildFile; fileRef = 8BEC6B9B2949B33D004A03CB /* Assets.xcassets */; };
		8BEC6B9F2949B33D004A03CB /* LaunchScreen.storyboard in Resources */ = {isa = PBXBuildFile; fileRef = 8BEC6B9D2949B33D004A03CB /* LaunchScreen.storyboard */; };
		8BEC6BAA2949B33D004A03CB /* TestTests.swift in Sources */ = {isa = PBXBuildFile; fileRef = 8BEC6BA92949B33D004A03CB /* TestTests.swift */; };
		8BEC6BB42949B33D004A03CB /* TestUITests.swift in Sources */ = {isa = PBXBuildFile; fileRef = 8BEC6BB32949B33D004A03CB /* TestUITests.swift */; };
		8BEC6BB62949B33D004A03CB /* TestUITestsLaunchTests.swift in Sources */ = {isa = PBXBuildFile; fileRef = 8BEC6BB52949B33D004A03CB /* TestUITestsLaunchTests.swift */; };
		8BEC6BC42949B3A6004A03CB /* ListUserViewController.swift in Sources */ = {isa = PBXBuildFile; fileRef = 8BEC6BC22949B3A6004A03CB /* ListUserViewController.swift */; };
		8BEC6BC52949B3A6004A03CB /* ListUserViewController.xib in Resources */ = {isa = PBXBuildFile; fileRef = 8BEC6BC32949B3A6004A03CB /* ListUserViewController.xib */; };
		8BEC6BC92949BA70004A03CB /* ListUserViewModel.swift in Sources */ = {isa = PBXBuildFile; fileRef = 8BEC6BC82949BA70004A03CB /* ListUserViewModel.swift */; };
		8BEC6BCC2949BAFE004A03CB /* InfoUser.swift in Sources */ = {isa = PBXBuildFile; fileRef = 8BEC6BCB2949BAFE004A03CB /* InfoUser.swift */; };
		8BEC6BD02949BFBB004A03CB /* InfoUserTableViewCell.swift in Sources */ = {isa = PBXBuildFile; fileRef = 8BEC6BCE2949BFBB004A03CB /* InfoUserTableViewCell.swift */; };
		8BEC6BD12949BFBB004A03CB /* InfoUserTableViewCell.xib in Resources */ = {isa = PBXBuildFile; fileRef = 8BEC6BCF2949BFBB004A03CB /* InfoUserTableViewCell.xib */; };
		8BEC6BD62949C59E004A03CB /* DetailUserViewController.swift in Sources */ = {isa = PBXBuildFile; fileRef = 8BEC6BD42949C59E004A03CB /* DetailUserViewController.swift */; };
		8BEC6BD72949C59E004A03CB /* DetailUserViewController.xib in Resources */ = {isa = PBXBuildFile; fileRef = 8BEC6BD52949C59E004A03CB /* DetailUserViewController.xib */; };
		8BF4A4FE294B0FD10044FABF /* Constants.swift in Sources */ = {isa = PBXBuildFile; fileRef = 8BF4A4FD294B0FD10044FABF /* Constants.swift */; };
		8BF4A501294B10680044FABF /* ListUserUseCase.swift in Sources */ = {isa = PBXBuildFile; fileRef = 8BF4A500294B10680044FABF /* ListUserUseCase.swift */; };
/* End PBXBuildFile section */

/* Begin PBXContainerItemProxy section */
		8BEC6BA62949B33D004A03CB /* PBXContainerItemProxy */ = {
			isa = PBXContainerItemProxy;
			containerPortal = 8BEC6B872949B339004A03CB /* Project object */;
			proxyType = 1;
			remoteGlobalIDString = 8BEC6B8E2949B339004A03CB;
			remoteInfo = Test;
		};
		8BEC6BB02949B33D004A03CB /* PBXContainerItemProxy */ = {
			isa = PBXContainerItemProxy;
			containerPortal = 8BEC6B872949B339004A03CB /* Project object */;
			proxyType = 1;
			remoteGlobalIDString = 8BEC6B8E2949B339004A03CB;
			remoteInfo = Test;
		};
/* End PBXContainerItemProxy section */

/* Begin PBXFileReference section */
		8BEC6B8F2949B339004A03CB /* Test.app */ = {isa = PBXFileReference; explicitFileType = wrapper.application; includeInIndex = 0; path = Test.app; sourceTree = BUILT_PRODUCTS_DIR; };
		8BEC6B922949B339004A03CB /* AppDelegate.swift */ = {isa = PBXFileReference; lastKnownFileType = sourcecode.swift; path = AppDelegate.swift; sourceTree = "<group>"; };
		8BEC6B9B2949B33D004A03CB /* Assets.xcassets */ = {isa = PBXFileReference; lastKnownFileType = folder.assetcatalog; path = Assets.xcassets; sourceTree = "<group>"; };
		8BEC6B9E2949B33D004A03CB /* Base */ = {isa = PBXFileReference; lastKnownFileType = file.storyboard; name = Base; path = Base.lproj/LaunchScreen.storyboard; sourceTree = "<group>"; };
		8BEC6BA02949B33D004A03CB /* Info.plist */ = {isa = PBXFileReference; lastKnownFileType = text.plist.xml; path = Info.plist; sourceTree = "<group>"; };
		8BEC6BA52949B33D004A03CB /* TestTests.xctest */ = {isa = PBXFileReference; explicitFileType = wrapper.cfbundle; includeInIndex = 0; path = TestTests.xctest; sourceTree = BUILT_PRODUCTS_DIR; };
		8BEC6BA92949B33D004A03CB /* TestTests.swift */ = {isa = PBXFileReference; lastKnownFileType = sourcecode.swift; path = TestTests.swift; sourceTree = "<group>"; };
		8BEC6BAF2949B33D004A03CB /* TestUITests.xctest */ = {isa = PBXFileReference; explicitFileType = wrapper.cfbundle; includeInIndex = 0; path = TestUITests.xctest; sourceTree = BUILT_PRODUCTS_DIR; };
		8BEC6BB32949B33D004A03CB /* TestUITests.swift */ = {isa = PBXFileReference; lastKnownFileType = sourcecode.swift; path = TestUITests.swift; sourceTree = "<group>"; };
		8BEC6BB52949B33D004A03CB /* TestUITestsLaunchTests.swift */ = {isa = PBXFileReference; lastKnownFileType = sourcecode.swift; path = TestUITestsLaunchTests.swift; sourceTree = "<group>"; };
		8BEC6BC22949B3A6004A03CB /* ListUserViewController.swift */ = {isa = PBXFileReference; lastKnownFileType = sourcecode.swift; path = ListUserViewController.swift; sourceTree = "<group>"; };
		8BEC6BC32949B3A6004A03CB /* ListUserViewController.xib */ = {isa = PBXFileReference; lastKnownFileType = file.xib; path = ListUserViewController.xib; sourceTree = "<group>"; };
		8BEC6BC82949BA70004A03CB /* ListUserViewModel.swift */ = {isa = PBXFileReference; lastKnownFileType = sourcecode.swift; path = ListUserViewModel.swift; sourceTree = "<group>"; };
		8BEC6BCB2949BAFE004A03CB /* InfoUser.swift */ = {isa = PBXFileReference; lastKnownFileType = sourcecode.swift; path = InfoUser.swift; sourceTree = "<group>"; };
		8BEC6BCE2949BFBB004A03CB /* InfoUserTableViewCell.swift */ = {isa = PBXFileReference; lastKnownFileType = sourcecode.swift; path = InfoUserTableViewCell.swift; sourceTree = "<group>"; };
		8BEC6BCF2949BFBB004A03CB /* InfoUserTableViewCell.xib */ = {isa = PBXFileReference; lastKnownFileType = file.xib; path = InfoUserTableViewCell.xib; sourceTree = "<group>"; };
		8BEC6BD42949C59E004A03CB /* DetailUserViewController.swift */ = {isa = PBXFileReference; lastKnownFileType = sourcecode.swift; path = DetailUserViewController.swift; sourceTree = "<group>"; };
		8BEC6BD52949C59E004A03CB /* DetailUserViewController.xib */ = {isa = PBXFileReference; lastKnownFileType = file.xib; path = DetailUserViewController.xib; sourceTree = "<group>"; };
		8BF4A4FD294B0FD10044FABF /* Constants.swift */ = {isa = PBXFileReference; lastKnownFileType = sourcecode.swift; path = Constants.swift; sourceTree = "<group>"; };
		8BF4A500294B10680044FABF /* ListUserUseCase.swift */ = {isa = PBXFileReference; lastKnownFileType = sourcecode.swift; path = ListUserUseCase.swift; sourceTree = "<group>"; };
/* End PBXFileReference section */

/* Begin PBXFrameworksBuildPhase section */
		8BEC6B8C2949B339004A03CB /* Frameworks */ = {
			isa = PBXFrameworksBuildPhase;
			buildActionMask = 2147483647;
			files = (
			);
			runOnlyForDeploymentPostprocessing = 0;
		};
		8BEC6BA22949B33D004A03CB /* Frameworks */ = {
			isa = PBXFrameworksBuildPhase;
			buildActionMask = 2147483647;
			files = (
			);
			runOnlyForDeploymentPostprocessing = 0;
		};
		8BEC6BAC2949B33D004A03CB /* Frameworks */ = {
			isa = PBXFrameworksBuildPhase;
			buildActionMask = 2147483647;
			files = (
			);
			runOnlyForDeploymentPostprocessing = 0;
		};
/* End PBXFrameworksBuildPhase section */

/* Begin PBXGroup section */
		8BEC6B862949B339004A03CB = {
			isa = PBXGroup;
			children = (
				8BEC6B912949B339004A03CB /* Test */,
				8BEC6BA82949B33D004A03CB /* TestTests */,
				8BEC6BB22949B33D004A03CB /* TestUITests */,
				8BEC6B902949B339004A03CB /* Products */,
			);
			sourceTree = "<group>";
		};
		8BEC6B902949B339004A03CB /* Products */ = {
			isa = PBXGroup;
			children = (
				8BEC6B8F2949B339004A03CB /* Test.app */,
				8BEC6BA52949B33D004A03CB /* TestTests.xctest */,
				8BEC6BAF2949B33D004A03CB /* TestUITests.xctest */,
			);
			name = Products;
			sourceTree = "<group>";
		};
		8BEC6B912949B339004A03CB /* Test */ = {
			isa = PBXGroup;
			children = (
				8BEC6B922949B339004A03CB /* AppDelegate.swift */,
				8BF4A4FC294B0FC10044FABF /* Constants */,
				8BEC6BCD2949BDA1004A03CB /* CustomCell */,
				8BEC6BCA2949BA7A004A03CB /* Models */,
				8BEC6BC72949BA5B004A03CB /* ViewModels */,
				8BEC6BC62949BA4E004A03CB /* ViewControllers */,
				8BEC6B9B2949B33D004A03CB /* Assets.xcassets */,
				8BEC6B9D2949B33D004A03CB /* LaunchScreen.storyboard */,
				8BEC6BA02949B33D004A03CB /* Info.plist */,
			);
			path = Test;
			sourceTree = "<group>";
		};
		8BEC6BA82949B33D004A03CB /* TestTests */ = {
			isa = PBXGroup;
			children = (
				8BEC6BA92949B33D004A03CB /* TestTests.swift */,
			);
			path = TestTests;
			sourceTree = "<group>";
		};
		8BEC6BB22949B33D004A03CB /* TestUITests */ = {
			isa = PBXGroup;
			children = (
				8BEC6BB32949B33D004A03CB /* TestUITests.swift */,
				8BEC6BB52949B33D004A03CB /* TestUITestsLaunchTests.swift */,
			);
			path = TestUITests;
			sourceTree = "<group>";
		};
		8BEC6BC62949BA4E004A03CB /* ViewControllers */ = {
			isa = PBXGroup;
			children = (
				8BEC6BD32949C583004A03CB /* DetailUserViewController */,
				8BEC6BD22949C56E004A03CB /* ListUserViewController */,
			);
			path = ViewControllers;
			sourceTree = "<group>";
		};
		8BEC6BC72949BA5B004A03CB /* ViewModels */ = {
			isa = PBXGroup;
			children = (
				8BEC6BC82949BA70004A03CB /* ListUserViewModel.swift */,
				8BF4A500294B10680044FABF /* ListUserUseCase.swift */,
			);
			path = ViewModels;
			sourceTree = "<group>";
		};
		8BEC6BCA2949BA7A004A03CB /* Models */ = {
			isa = PBXGroup;
			children = (
				8BEC6BCB2949BAFE004A03CB /* InfoUser.swift */,
			);
			path = Models;
			sourceTree = "<group>";
		};
		8BEC6BCD2949BDA1004A03CB /* CustomCell */ = {
			isa = PBXGroup;
			children = (
				8BEC6BCE2949BFBB004A03CB /* InfoUserTableViewCell.swift */,
				8BEC6BCF2949BFBB004A03CB /* InfoUserTableViewCell.xib */,
			);
			path = CustomCell;
			sourceTree = "<group>";
		};
		8BEC6BD22949C56E004A03CB /* ListUserViewController */ = {
			isa = PBXGroup;
			children = (
				8BEC6BC22949B3A6004A03CB /* ListUserViewController.swift */,
				8BEC6BC32949B3A6004A03CB /* ListUserViewController.xib */,
			);
			path = ListUserViewController;
			sourceTree = "<group>";
		};
		8BEC6BD32949C583004A03CB /* DetailUserViewController */ = {
			isa = PBXGroup;
			children = (
				8BEC6BD42949C59E004A03CB /* DetailUserViewController.swift */,
				8BEC6BD52949C59E004A03CB /* DetailUserViewController.xib */,
			);
			path = DetailUserViewController;
			sourceTree = "<group>";
		};
		8BF4A4FC294B0FC10044FABF /* Constants */ = {
			isa = PBXGroup;
			children = (
				8BF4A4FD294B0FD10044FABF /* Constants.swift */,
			);
			path = Constants;
			sourceTree = "<group>";
		};
/* End PBXGroup section */

/* Begin PBXNativeTarget section */
		8BEC6B8E2949B339004A03CB /* Test */ = {
			isa = PBXNativeTarget;
			buildConfigurationList = 8BEC6BB92949B33D004A03CB /* Build configuration list for PBXNativeTarget "Test" */;
			buildPhases = (
				8BEC6B8B2949B339004A03CB /* Sources */,
				8BEC6B8C2949B339004A03CB /* Frameworks */,
				8BEC6B8D2949B339004A03CB /* Resources */,
			);
			buildRules = (
			);
			dependencies = (
			);
			name = Test;
			productName = Test;
			productReference = 8BEC6B8F2949B339004A03CB /* Test.app */;
			productType = "com.apple.product-type.application";
		};
		8BEC6BA42949B33D004A03CB /* TestTests */ = {
			isa = PBXNativeTarget;
			buildConfigurationList = 8BEC6BBC2949B33D004A03CB /* Build configuration list for PBXNativeTarget "TestTests" */;
			buildPhases = (
				8BEC6BA12949B33D004A03CB /* Sources */,
				8BEC6BA22949B33D004A03CB /* Frameworks */,
				8BEC6BA32949B33D004A03CB /* Resources */,
			);
			buildRules = (
			);
			dependencies = (
				8BEC6BA72949B33D004A03CB /* PBXTargetDependency */,
			);
			name = TestTests;
			productName = TestTests;
			productReference = 8BEC6BA52949B33D004A03CB /* TestTests.xctest */;
			productType = "com.apple.product-type.bundle.unit-test";
		};
		8BEC6BAE2949B33D004A03CB /* TestUITests */ = {
			isa = PBXNativeTarget;
			buildConfigurationList = 8BEC6BBF2949B33D004A03CB /* Build configuration list for PBXNativeTarget "TestUITests" */;
			buildPhases = (
				8BEC6BAB2949B33D004A03CB /* Sources */,
				8BEC6BAC2949B33D004A03CB /* Frameworks */,
				8BEC6BAD2949B33D004A03CB /* Resources */,
			);
			buildRules = (
			);
			dependencies = (
				8BEC6BB12949B33D004A03CB /* PBXTargetDependency */,
			);
			name = TestUITests;
			productName = TestUITests;
			productReference = 8BEC6BAF2949B33D004A03CB /* TestUITests.xctest */;
			productType = "com.apple.product-type.bundle.ui-testing";
		};
/* End PBXNativeTarget section */

/* Begin PBXProject section */
		8BEC6B872949B339004A03CB /* Project object */ = {
			isa = PBXProject;
			attributes = {
				BuildIndependentTargetsInParallel = 1;
				LastSwiftUpdateCheck = 1340;
				LastUpgradeCheck = 1340;
				TargetAttributes = {
					8BEC6B8E2949B339004A03CB = {
						CreatedOnToolsVersion = 13.4.1;
					};
					8BEC6BA42949B33D004A03CB = {
						CreatedOnToolsVersion = 13.4.1;
						TestTargetID = 8BEC6B8E2949B339004A03CB;
					};
					8BEC6BAE2949B33D004A03CB = {
						CreatedOnToolsVersion = 13.4.1;
						TestTargetID = 8BEC6B8E2949B339004A03CB;
					};
				};
			};
			buildConfigurationList = 8BEC6B8A2949B339004A03CB /* Build configuration list for PBXProject "Test" */;
			compatibilityVersion = "Xcode 13.0";
			developmentRegion = en;
			hasScannedForEncodings = 0;
			knownRegions = (
				en,
				Base,
			);
			mainGroup = 8BEC6B862949B339004A03CB;
			productRefGroup = 8BEC6B902949B339004A03CB /* Products */;
			projectDirPath = "";
			projectRoot = "";
			targets = (
				8BEC6B8E2949B339004A03CB /* Test */,
				8BEC6BA42949B33D004A03CB /* TestTests */,
				8BEC6BAE2949B33D004A03CB /* TestUITests */,
			);
		};
/* End PBXProject section */

/* Begin PBXResourcesBuildPhase section */
		8BEC6B8D2949B339004A03CB /* Resources */ = {
			isa = PBXResourcesBuildPhase;
			buildActionMask = 2147483647;
			files = (
				8BEC6BD72949C59E004A03CB /* DetailUserViewController.xib in Resources */,
				8BEC6BD12949BFBB004A03CB /* InfoUserTableViewCell.xib in Resources */,
				8BEC6B9F2949B33D004A03CB /* LaunchScreen.storyboard in Resources */,
				8BEC6BC52949B3A6004A03CB /* ListUserViewController.xib in Resources */,
				8BEC6B9C2949B33D004A03CB /* Assets.xcassets in Resources */,
			);
			runOnlyForDeploymentPostprocessing = 0;
		};
		8BEC6BA32949B33D004A03CB /* Resources */ = {
			isa = PBXResourcesBuildPhase;
			buildActionMask = 2147483647;
			files = (
			);
			runOnlyForDeploymentPostprocessing = 0;
		};
		8BEC6BAD2949B33D004A03CB /* Resources */ = {
			isa = PBXResourcesBuildPhase;
			buildActionMask = 2147483647;
			files = (
			);
			runOnlyForDeploymentPostprocessing = 0;
		};
/* End PBXResourcesBuildPhase section */

/* Begin PBXSourcesBuildPhase section */
		8BEC6B8B2949B339004A03CB /* Sources */ = {
			isa = PBXSourcesBuildPhase;
			buildActionMask = 2147483647;
			files = (
				8BEC6BCC2949BAFE004A03CB /* InfoUser.swift in Sources */,
				8BEC6B932949B339004A03CB /* AppDelegate.swift in Sources */,
				8BEC6BC92949BA70004A03CB /* ListUserViewModel.swift in Sources */,
				8BEC6BC42949B3A6004A03CB /* ListUserViewController.swift in Sources */,
				8BF4A501294B10680044FABF /* ListUserUseCase.swift in Sources */,
				8BF4A4FE294B0FD10044FABF /* Constants.swift in Sources */,
				8BEC6BD62949C59E004A03CB /* DetailUserViewController.swift in Sources */,
				8BEC6BD02949BFBB004A03CB /* InfoUserTableViewCell.swift in Sources */,
			);
			runOnlyForDeploymentPostprocessing = 0;
		};
		8BEC6BA12949B33D004A03CB /* Sources */ = {
			isa = PBXSourcesBuildPhase;
			buildActionMask = 2147483647;
			files = (
				8BEC6BAA2949B33D004A03CB /* TestTests.swift in Sources */,
			);
			runOnlyForDeploymentPostprocessing = 0;
		};
		8BEC6BAB2949B33D004A03CB /* Sources */ = {
			isa = PBXSourcesBuildPhase;
			buildActionMask = 2147483647;
			files = (
				8BEC6BB62949B33D004A03CB /* TestUITestsLaunchTests.swift in Sources */,
				8BEC6BB42949B33D004A03CB /* TestUITests.swift in Sources */,
			);
			runOnlyForDeploymentPostprocessing = 0;
		};
/* End PBXSourcesBuildPhase section */

/* Begin PBXTargetDependency section */
		8BEC6BA72949B33D004A03CB /* PBXTargetDependency */ = {
			isa = PBXTargetDependency;
			target = 8BEC6B8E2949B339004A03CB /* Test */;
			targetProxy = 8BEC6BA62949B33D004A03CB /* PBXContainerItemProxy */;
		};
		8BEC6BB12949B33D004A03CB /* PBXTargetDependency */ = {
			isa = PBXTargetDependency;
			target = 8BEC6B8E2949B339004A03CB /* Test */;
			targetProxy = 8BEC6BB02949B33D004A03CB /* PBXContainerItemProxy */;
		};
/* End PBXTargetDependency section */

/* Begin PBXVariantGroup section */
		8BEC6B9D2949B33D004A03CB /* LaunchScreen.storyboard */ = {
			isa = PBXVariantGroup;
			children = (
				8BEC6B9E2949B33D004A03CB /* Base */,
			);
			name = LaunchScreen.storyboard;
			sourceTree = "<group>";
		};
/* End PBXVariantGroup section */

/* Begin XCBuildConfiguration section */
		8BEC6BB72949B33D004A03CB /* Debug */ = {
			isa = XCBuildConfiguration;
			buildSettings = {
				ALWAYS_SEARCH_USER_PATHS = NO;
				CLANG_ANALYZER_NONNULL = YES;
				CLANG_ANALYZER_NUMBER_OBJECT_CONVERSION = YES_AGGRESSIVE;
				CLANG_CXX_LANGUAGE_STANDARD = "gnu++17";
				CLANG_ENABLE_MODULES = YES;
				CLANG_ENABLE_OBJC_ARC = YES;
				CLANG_ENABLE_OBJC_WEAK = YES;
				CLANG_WARN_BLOCK_CAPTURE_AUTORELEASING = YES;
				CLANG_WARN_BOOL_CONVERSION = YES;
				CLANG_WARN_COMMA = YES;
				CLANG_WARN_CONSTANT_CONVERSION = YES;
				CLANG_WARN_DEPRECATED_OBJC_IMPLEMENTATIONS = YES;
				CLANG_WARN_DIRECT_OBJC_ISA_USAGE = YES_ERROR;
				CLANG_WARN_DOCUMENTATION_COMMENTS = YES;
				CLANG_WARN_EMPTY_BODY = YES;
				CLANG_WARN_ENUM_CONVERSION = YES;
				CLANG_WARN_INFINITE_RECURSION = YES;
				CLANG_WARN_INT_CONVERSION = YES;
				CLANG_WARN_NON_LITERAL_NULL_CONVERSION = YES;
				CLANG_WARN_OBJC_IMPLICIT_RETAIN_SELF = YES;
				CLANG_WARN_OBJC_LITERAL_CONVERSION = YES;
				CLANG_WARN_OBJC_ROOT_CLASS = YES_ERROR;
				CLANG_WARN_QUOTED_INCLUDE_IN_FRAMEWORK_HEADER = YES;
				CLANG_WARN_RANGE_LOOP_ANALYSIS = YES;
				CLANG_WARN_STRICT_PROTOTYPES = YES;
				CLANG_WARN_SUSPICIOUS_MOVE = YES;
				CLANG_WARN_UNGUARDED_AVAILABILITY = YES_AGGRESSIVE;
				CLANG_WARN_UNREACHABLE_CODE = YES;
				CLANG_WARN__DUPLICATE_METHOD_MATCH = YES;
				COPY_PHASE_STRIP = NO;
				DEBUG_INFORMATION_FORMAT = dwarf;
				ENABLE_STRICT_OBJC_MSGSEND = YES;
				ENABLE_TESTABILITY = YES;
				GCC_C_LANGUAGE_STANDARD = gnu11;
				GCC_DYNAMIC_NO_PIC = NO;
				GCC_NO_COMMON_BLOCKS = YES;
				GCC_OPTIMIZATION_LEVEL = 0;
				GCC_PREPROCESSOR_DEFINITIONS = (
					"DEBUG=1",
					"$(inherited)",
				);
				GCC_WARN_64_TO_32_BIT_CONVERSION = YES;
				GCC_WARN_ABOUT_RETURN_TYPE = YES_ERROR;
				GCC_WARN_UNDECLARED_SELECTOR = YES;
				GCC_WARN_UNINITIALIZED_AUTOS = YES_AGGRESSIVE;
				GCC_WARN_UNUSED_FUNCTION = YES;
				GCC_WARN_UNUSED_VARIABLE = YES;
				IPHONEOS_DEPLOYMENT_TARGET = 12.0;
				MTL_ENABLE_DEBUG_INFO = INCLUDE_SOURCE;
				MTL_FAST_MATH = YES;
				ONLY_ACTIVE_ARCH = YES;
				SDKROOT = iphoneos;
				SWIFT_ACTIVE_COMPILATION_CONDITIONS = DEBUG;
				SWIFT_OPTIMIZATION_LEVEL = "-Onone";
			};
			name = Debug;
		};
		8BEC6BB82949B33D004A03CB /* Release */ = {
			isa = XCBuildConfiguration;
			buildSettings = {
				ALWAYS_SEARCH_USER_PATHS = NO;
				CLANG_ANALYZER_NONNULL = YES;
				CLANG_ANALYZER_NUMBER_OBJECT_CONVERSION = YES_AGGRESSIVE;
				CLANG_CXX_LANGUAGE_STANDARD = "gnu++17";
				CLANG_ENABLE_MODULES = YES;
				CLANG_ENABLE_OBJC_ARC = YES;
				CLANG_ENABLE_OBJC_WEAK = YES;
				CLANG_WARN_BLOCK_CAPTURE_AUTORELEASING = YES;
				CLANG_WARN_BOOL_CONVERSION = YES;
				CLANG_WARN_COMMA = YES;
				CLANG_WARN_CONSTANT_CONVERSION = YES;
				CLANG_WARN_DEPRECATED_OBJC_IMPLEMENTATIONS = YES;
				CLANG_WARN_DIRECT_OBJC_ISA_USAGE = YES_ERROR;
				CLANG_WARN_DOCUMENTATION_COMMENTS = YES;
				CLANG_WARN_EMPTY_BODY = YES;
				CLANG_WARN_ENUM_CONVERSION = YES;
				CLANG_WARN_INFINITE_RECURSION = YES;
				CLANG_WARN_INT_CONVERSION = YES;
				CLANG_WARN_NON_LITERAL_NULL_CONVERSION = YES;
				CLANG_WARN_OBJC_IMPLICIT_RETAIN_SELF = YES;
				CLANG_WARN_OBJC_LITERAL_CONVERSION = YES;
				CLANG_WARN_OBJC_ROOT_CLASS = YES_ERROR;
				CLANG_WARN_QUOTED_INCLUDE_IN_FRAMEWORK_HEADER = YES;
				CLANG_WARN_RANGE_LOOP_ANALYSIS = YES;
				CLANG_WARN_STRICT_PROTOTYPES = YES;
				CLANG_WARN_SUSPICIOUS_MOVE = YES;
				CLANG_WARN_UNGUARDED_AVAILABILITY = YES_AGGRESSIVE;
				CLANG_WARN_UNREACHABLE_CODE = YES;
				CLANG_WARN__DUPLICATE_METHOD_MATCH = YES;
				COPY_PHASE_STRIP = NO;
				DEBUG_INFORMATION_FORMAT = "dwarf-with-dsym";
				ENABLE_NS_ASSERTIONS = NO;
				ENABLE_STRICT_OBJC_MSGSEND = YES;
				GCC_C_LANGUAGE_STANDARD = gnu11;
				GCC_NO_COMMON_BLOCKS = YES;
				GCC_WARN_64_TO_32_BIT_CONVERSION = YES;
				GCC_WARN_ABOUT_RETURN_TYPE = YES_ERROR;
				GCC_WARN_UNDECLARED_SELECTOR = YES;
				GCC_WARN_UNINITIALIZED_AUTOS = YES_AGGRESSIVE;
				GCC_WARN_UNUSED_FUNCTION = YES;
				GCC_WARN_UNUSED_VARIABLE = YES;
				IPHONEOS_DEPLOYMENT_TARGET = 12.0;
				MTL_ENABLE_DEBUG_INFO = NO;
				MTL_FAST_MATH = YES;
				SDKROOT = iphoneos;
				SWIFT_COMPILATION_MODE = wholemodule;
				SWIFT_OPTIMIZATION_LEVEL = "-O";
				VALIDATE_PRODUCT = YES;
			};
			name = Release;
		};
		8BEC6BBA2949B33D004A03CB /* Debug */ = {
			isa = XCBuildConfiguration;
			buildSettings = {
				ASSETCATALOG_COMPILER_APPICON_NAME = AppIcon;
				ASSETCATALOG_COMPILER_GLOBAL_ACCENT_COLOR_NAME = AccentColor;
				CODE_SIGN_STYLE = Automatic;
				CURRENT_PROJECT_VERSION = 1;
				GENERATE_INFOPLIST_FILE = YES;
				INFOPLIST_FILE = Test/Info.plist;
				INFOPLIST_KEY_UIApplicationSupportsIndirectInputEvents = YES;
				INFOPLIST_KEY_UILaunchStoryboardName = LaunchScreen;
				INFOPLIST_KEY_UISupportedInterfaceOrientations_iPad = "UIInterfaceOrientationPortrait UIInterfaceOrientationPortraitUpsideDown UIInterfaceOrientationLandscapeLeft UIInterfaceOrientationLandscapeRight";
				INFOPLIST_KEY_UISupportedInterfaceOrientations_iPhone = "UIInterfaceOrientationPortrait UIInterfaceOrientationLandscapeLeft UIInterfaceOrientationLandscapeRight";
				IPHONEOS_DEPLOYMENT_TARGET = 13.0;
				LD_RUNPATH_SEARCH_PATHS = (
					"$(inherited)",
					"@executable_path/Frameworks",
				);
				MARKETING_VERSION = 1.0;
				PRODUCT_BUNDLE_IDENTIFIER = toan.Test;
				PRODUCT_NAME = "$(TARGET_NAME)";
				SWIFT_EMIT_LOC_STRINGS = YES;
				SWIFT_VERSION = 5.0;
				TARGETED_DEVICE_FAMILY = "1,2";
			};
			name = Debug;
		};
		8BEC6BBB2949B33D004A03CB /* Release */ = {
			isa = XCBuildConfiguration;
			buildSettings = {
				ASSETCATALOG_COMPILER_APPICON_NAME = AppIcon;
				ASSETCATALOG_COMPILER_GLOBAL_ACCENT_COLOR_NAME = AccentColor;
				CODE_SIGN_STYLE = Automatic;
				CURRENT_PROJECT_VERSION = 1;
				GENERATE_INFOPLIST_FILE = YES;
				INFOPLIST_FILE = Test/Info.plist;
				INFOPLIST_KEY_UIApplicationSupportsIndirectInputEvents = YES;
				INFOPLIST_KEY_UILaunchStoryboardName = LaunchScreen;
				INFOPLIST_KEY_UISupportedInterfaceOrientations_iPad = "UIInterfaceOrientationPortrait UIInterfaceOrientationPortraitUpsideDown UIInterfaceOrientationLandscapeLeft UIInterfaceOrientationLandscapeRight";
				INFOPLIST_KEY_UISupportedInterfaceOrientations_iPhone = "UIInterfaceOrientationPortrait UIInterfaceOrientationLandscapeLeft UIInterfaceOrientationLandscapeRight";
				IPHONEOS_DEPLOYMENT_TARGET = 13.0;
				LD_RUNPATH_SEARCH_PATHS = (
					"$(inherited)",
					"@executable_path/Frameworks",
				);
				MARKETING_VERSION = 1.0;
				PRODUCT_BUNDLE_IDENTIFIER = toan.Test;
				PRODUCT_NAME = "$(TARGET_NAME)";
				SWIFT_EMIT_LOC_STRINGS = YES;
				SWIFT_VERSION = 5.0;
				TARGETED_DEVICE_FAMILY = "1,2";
			};
			name = Release;
		};
		8BEC6BBD2949B33D004A03CB /* Debug */ = {
			isa = XCBuildConfiguration;
			buildSettings = {
				ALWAYS_EMBED_SWIFT_STANDARD_LIBRARIES = YES;
				BUNDLE_LOADER = "$(TEST_HOST)";
				CODE_SIGN_STYLE = Automatic;
				CURRENT_PROJECT_VERSION = 1;
				GENERATE_INFOPLIST_FILE = YES;
				IPHONEOS_DEPLOYMENT_TARGET = 15.5;
				MARKETING_VERSION = 1.0;
				PRODUCT_BUNDLE_IDENTIFIER = toan.TestTests;
				PRODUCT_NAME = "$(TARGET_NAME)";
				SWIFT_EMIT_LOC_STRINGS = NO;
				SWIFT_VERSION = 5.0;
				TARGETED_DEVICE_FAMILY = "1,2";
				TEST_HOST = "$(BUILT_PRODUCTS_DIR)/Test.app/Test";
			};
			name = Debug;
		};
		8BEC6BBE2949B33D004A03CB /* Release */ = {
			isa = XCBuildConfiguration;
			buildSettings = {
				ALWAYS_EMBED_SWIFT_STANDARD_LIBRARIES = YES;
				BUNDLE_LOADER = "$(TEST_HOST)";
				CODE_SIGN_STYLE = Automatic;
				CURRENT_PROJECT_VERSION = 1;
				GENERATE_INFOPLIST_FILE = YES;
				IPHONEOS_DEPLOYMENT_TARGET = 15.5;
				MARKETING_VERSION = 1.0;
				PRODUCT_BUNDLE_IDENTIFIER = toan.TestTests;
				PRODUCT_NAME = "$(TARGET_NAME)";
				SWIFT_EMIT_LOC_STRINGS = NO;
				SWIFT_VERSION = 5.0;
				TARGETED_DEVICE_FAMILY = "1,2";
				TEST_HOST = "$(BUILT_PRODUCTS_DIR)/Test.app/Test";
			};
			name = Release;
		};
		8BEC6BC02949B33D004A03CB /* Debug */ = {
			isa = XCBuildConfiguration;
			buildSettings = {
				ALWAYS_EMBED_SWIFT_STANDARD_LIBRARIES = YES;
				CODE_SIGN_STYLE = Automatic;
				CURRENT_PROJECT_VERSION = 1;
				GENERATE_INFOPLIST_FILE = YES;
				MARKETING_VERSION = 1.0;
				PRODUCT_BUNDLE_IDENTIFIER = toan.TestUITests;
				PRODUCT_NAME = "$(TARGET_NAME)";
				SWIFT_EMIT_LOC_STRINGS = NO;
				SWIFT_VERSION = 5.0;
				TARGETED_DEVICE_FAMILY = "1,2";
				TEST_TARGET_NAME = Test;
			};
			name = Debug;
		};
		8BEC6BC12949B33D004A03CB /* Release */ = {
			isa = XCBuildConfiguration;
			buildSettings = {
				ALWAYS_EMBED_SWIFT_STANDARD_LIBRARIES = YES;
				CODE_SIGN_STYLE = Automatic;
				CURRENT_PROJECT_VERSION = 1;
				GENERATE_INFOPLIST_FILE = YES;
				MARKETING_VERSION = 1.0;
				PRODUCT_BUNDLE_IDENTIFIER = toan.TestUITests;
				PRODUCT_NAME = "$(TARGET_NAME)";
				SWIFT_EMIT_LOC_STRINGS = NO;
				SWIFT_VERSION = 5.0;
				TARGETED_DEVICE_FAMILY = "1,2";
				TEST_TARGET_NAME = Test;
			};
			name = Release;
		};
/* End XCBuildConfiguration section */

/* Begin XCConfigurationList section */
		8BEC6B8A2949B339004A03CB /* Build configuration list for PBXProject "Test" */ = {
			isa = XCConfigurationList;
			buildConfigurations = (
				8BEC6BB72949B33D004A03CB /* Debug */,
				8BEC6BB82949B33D004A03CB /* Release */,
			);
			defaultConfigurationIsVisible = 0;
			defaultConfigurationName = Release;
		};
		8BEC6BB92949B33D004A03CB /* Build configuration list for PBXNativeTarget "Test" */ = {
			isa = XCConfigurationList;
			buildConfigurations = (
				8BEC6BBA2949B33D004A03CB /* Debug */,
				8BEC6BBB2949B33D004A03CB /* Release */,
			);
			defaultConfigurationIsVisible = 0;
			defaultConfigurationName = Release;
		};
		8BEC6BBC2949B33D004A03CB /* Build configuration list for PBXNativeTarget "TestTests" */ = {
			isa = XCConfigurationList;
			buildConfigurations = (
				8BEC6BBD2949B33D004A03CB /* Debug */,
				8BEC6BBE2949B33D004A03CB /* Release */,
			);
			defaultConfigurationIsVisible = 0;
			defaultConfigurationName = Release;
		};
		8BEC6BBF2949B33D004A03CB /* Build configuration list for PBXNativeTarget "TestUITests" */ = {
			isa = XCConfigurationList;
			buildConfigurations = (
				8BEC6BC02949B33D004A03CB /* Debug */,
				8BEC6BC12949B33D004A03CB /* Release */,
			);
			defaultConfigurationIsVisible = 0;
			defaultConfigurationName = Release;
		};
/* End XCConfigurationList section */
	};
	rootObject = 8BEC6B872949B339004A03CB /* Project object */;
}
